
Microsoft Visual Studio Solution File, Format Version 12.00
# Visual Studio 14
VisualStudioVersion = 14.0.24720.0
MinimumVisualStudioVersion = 10.0.40219.1
Project("{FAE04EC0-301F-11D3-BF4B-00C04F79EFBC}") = "Lesson4", "Lesson4\Lesson4.csproj", "{8591849F-6792-4CF4-87C3-26A672F95F3C}"
EndProject
Global
	GlobalSection(SolutionConfigurationPlatforms) = preSolution
		Debug|Any CPU = Debug|Any CPU
		Release|Any CPU = Release|Any CPU
	EndGlobalSection
	GlobalSection(ProjectConfigurationPlatforms) = postSolution
		{8591849F-6792-4CF4-87C3-26A672F95F3C}.Debug|Any CPU.ActiveCfg = Debug|Any CPU
		{8591849F-6792-4CF4-87C3-26A672F95F3C}.Debug|Any CPU.Build.0 = Debug|Any CPU
		{8591849F-6792-4CF4-87C3-26A672F95F3C}.Release|Any CPU.ActiveCfg = Release|Any CPU
		{8591849F-6792-4CF4-87C3-26A672F95F3C}.Release|Any CPU.Build.0 = Release|Any CPU
	EndGlobalSection
	GlobalSection(SolutionProperties) = preSolution
		HideSolutionNode = FALSE
	EndGlobalSection
EndGlobal
